
Microsoft Visual Studio Solution File, Format Version 12.00
# Visual Studio 15
VisualStudioVersion = 15.0.26124.0
MinimumVisualStudioVersion = 15.0.26124.0
Project("{FAE04EC0-301F-11D3-BF4B-00C04F79EFBC}") = "Util", "Util\Util.csproj", "{A8217DB9-BBAD-4D5C-8E44-7E4C0A3CB5AE}"
EndProject
Project("{FAE04EC0-301F-11D3-BF4B-00C04F79EFBC}") = "LocalhostToUnix", "LocalhostToUnix\LocalhostToUnix.csproj", "{D847855B-BA37-4040-B97A-33139A04CB27}"
EndProject
Project("{FAE04EC0-301F-11D3-BF4B-00C04F79EFBC}") = "Engine", "Engine\Engine.csproj", "{F989CD59-D12C-4773-84A8-CF24C3FAEFFE}"
EndProject
Project("{FAE04EC0-301F-11D3-BF4B-00C04F79EFBC}") = "SdkGenerator", "SdkGenerator\SdkGenerator.csproj", "{1551FAF2-3687-4EC4-A970-3CF1679EFA1D}"
EndProject
Project("{FAE04EC0-301F-11D3-BF4B-00C04F79EFBC}") = "Pipeline", "Pipeline\Pipeline.csproj", "{AA91C4DE-DAC2-45D2-ABC3-41F4EE6823C4}"
EndProject
Project("{FAE04EC0-301F-11D3-BF4B-00C04F79EFBC}") = "CI.Server", "CI.Server\CI.Server.csproj", "{F3D3FF31-124A-4C83-B5D6-A620C9E85592}"
EndProject
Project("{FAE04EC0-301F-11D3-BF4B-00C04F79EFBC}") = "CI.Agent", "CI.Agent\CI.Agent.csproj", "{B9B637FA-3B68-465B-9E94-ED812EE2D4E3}"
EndProject
Project("{FAE04EC0-301F-11D3-BF4B-00C04F79EFBC}") = "Env", "Env\Env.csproj", "{C396A7AF-CBFD-427F-B615-6FD8EE1B8FB5}"
EndProject
Project("{FAE04EC0-301F-11D3-BF4B-00C04F79EFBC}") = "CI.Server.UI", "CI.Server.UI\CI.Server.UI.csproj", "{6F52FCB1-E9A1-49B7-ADC3-A66A76AEEAC0}"
EndProject
Project("{FAE04EC0-301F-11D3-BF4B-00C04F79EFBC}") = "Engine.ContainerBuildProxy", "Engine.ContainerBuildProxy\Engine.ContainerBuildProxy.csproj", "{F66EE413-C009-45BB-B884-17209667081A}"
EndProject
Project("{FAE04EC0-301F-11D3-BF4B-00C04F79EFBC}") = "Engine.BuildExecutor", "Engine.BuildExecutor\Engine.BuildExecutor.csproj", "{2461E3F6-6A95-4F8D-819B-620F1F87C6D7}"
EndProject
Project("{FAE04EC0-301F-11D3-BF4B-00C04F79EFBC}") = "Engine.BuildExecutor.Protocol", "Engine.BuildExecutor.Protocol\Engine.BuildExecutor.Protocol.csproj", "{CF94160A-4C3C-48D7-B016-5675083246EC}"
EndProject
Project("{FAE04EC0-301F-11D3-BF4B-00C04F79EFBC}") = "DockerfileHandler", "DockerfileHandler\DockerfileHandler.csproj", "{99D21C03-0CE7-4497-A2D6-970EA639F2A5}"
EndProject
Project("{FAE04EC0-301F-11D3-BF4B-00C04F79EFBC}") = "Sdks", "Sdks\Sdks.csproj", "{07371B48-BCD0-43D2-AE93-2DD7B8B24DE3}"
EndProject
Project("{FAE04EC0-301F-11D3-BF4B-00C04F79EFBC}") = "SdkServer", "SdkServer\SdkServer.csproj", "{7F616763-3A34-45DF-A962-B19F69984BA3}"
EndProject
Project("{FAE04EC0-301F-11D3-BF4B-00C04F79EFBC}") = "CI.Common", "CI.Common\CI.Common.csproj", "{E71E66C7-B5E6-4A17-8E11-947F7CA75596}"
EndProject
Global
	GlobalSection(SolutionConfigurationPlatforms) = preSolution
		Debug|Any CPU = Debug|Any CPU
		Debug|x64 = Debug|x64
		Debug|x86 = Debug|x86
		Release|Any CPU = Release|Any CPU
		Release|x64 = Release|x64
		Release|x86 = Release|x86
	EndGlobalSection
	GlobalSection(SolutionProperties) = preSolution
		HideSolutionNode = FALSE
	EndGlobalSection
	GlobalSection(ProjectConfigurationPlatforms) = postSolution
		{A8217DB9-BBAD-4D5C-8E44-7E4C0A3CB5AE}.Debug|Any CPU.ActiveCfg = Debug|Any CPU
		{A8217DB9-BBAD-4D5C-8E44-7E4C0A3CB5AE}.Debug|Any CPU.Build.0 = Debug|Any CPU
		{A8217DB9-BBAD-4D5C-8E44-7E4C0A3CB5AE}.Debug|x64.ActiveCfg = Debug|Any CPU
		{A8217DB9-BBAD-4D5C-8E44-7E4C0A3CB5AE}.Debug|x64.Build.0 = Debug|Any CPU
		{A8217DB9-BBAD-4D5C-8E44-7E4C0A3CB5AE}.Debug|x86.ActiveCfg = Debug|Any CPU
		{A8217DB9-BBAD-4D5C-8E44-7E4C0A3CB5AE}.Debug|x86.Build.0 = Debug|Any CPU
		{A8217DB9-BBAD-4D5C-8E44-7E4C0A3CB5AE}.Release|Any CPU.ActiveCfg = Release|Any CPU
		{A8217DB9-BBAD-4D5C-8E44-7E4C0A3CB5AE}.Release|Any CPU.Build.0 = Release|Any CPU
		{A8217DB9-BBAD-4D5C-8E44-7E4C0A3CB5AE}.Release|x64.ActiveCfg = Release|Any CPU
		{A8217DB9-BBAD-4D5C-8E44-7E4C0A3CB5AE}.Release|x64.Build.0 = Release|Any CPU
		{A8217DB9-BBAD-4D5C-8E44-7E4C0A3CB5AE}.Release|x86.ActiveCfg = Release|Any CPU
		{A8217DB9-BBAD-4D5C-8E44-7E4C0A3CB5AE}.Release|x86.Build.0 = Release|Any CPU
		{D847855B-BA37-4040-B97A-33139A04CB27}.Debug|Any CPU.ActiveCfg = Debug|Any CPU
		{D847855B-BA37-4040-B97A-33139A04CB27}.Debug|Any CPU.Build.0 = Debug|Any CPU
		{D847855B-BA37-4040-B97A-33139A04CB27}.Debug|x64.ActiveCfg = Debug|Any CPU
		{D847855B-BA37-4040-B97A-33139A04CB27}.Debug|x64.Build.0 = Debug|Any CPU
		{D847855B-BA37-4040-B97A-33139A04CB27}.Debug|x86.ActiveCfg = Debug|Any CPU
		{D847855B-BA37-4040-B97A-33139A04CB27}.Debug|x86.Build.0 = Debug|Any CPU
		{D847855B-BA37-4040-B97A-33139A04CB27}.Release|Any CPU.ActiveCfg = Release|Any CPU
		{D847855B-BA37-4040-B97A-33139A04CB27}.Release|Any CPU.Build.0 = Release|Any CPU
		{D847855B-BA37-4040-B97A-33139A04CB27}.Release|x64.ActiveCfg = Release|Any CPU
		{D847855B-BA37-4040-B97A-33139A04CB27}.Release|x64.Build.0 = Release|Any CPU
		{D847855B-BA37-4040-B97A-33139A04CB27}.Release|x86.ActiveCfg = Release|Any CPU
		{D847855B-BA37-4040-B97A-33139A04CB27}.Release|x86.Build.0 = Release|Any CPU
		{F989CD59-D12C-4773-84A8-CF24C3FAEFFE}.Debug|Any CPU.ActiveCfg = Debug|Any CPU
		{F989CD59-D12C-4773-84A8-CF24C3FAEFFE}.Debug|Any CPU.Build.0 = Debug|Any CPU
		{F989CD59-D12C-4773-84A8-CF24C3FAEFFE}.Debug|x64.ActiveCfg = Debug|Any CPU
		{F989CD59-D12C-4773-84A8-CF24C3FAEFFE}.Debug|x64.Build.0 = Debug|Any CPU
		{F989CD59-D12C-4773-84A8-CF24C3FAEFFE}.Debug|x86.ActiveCfg = Debug|Any CPU
		{F989CD59-D12C-4773-84A8-CF24C3FAEFFE}.Debug|x86.Build.0 = Debug|Any CPU
		{F989CD59-D12C-4773-84A8-CF24C3FAEFFE}.Release|Any CPU.ActiveCfg = Release|Any CPU
		{F989CD59-D12C-4773-84A8-CF24C3FAEFFE}.Release|Any CPU.Build.0 = Release|Any CPU
		{F989CD59-D12C-4773-84A8-CF24C3FAEFFE}.Release|x64.ActiveCfg = Release|Any CPU
		{F989CD59-D12C-4773-84A8-CF24C3FAEFFE}.Release|x64.Build.0 = Release|Any CPU
		{F989CD59-D12C-4773-84A8-CF24C3FAEFFE}.Release|x86.ActiveCfg = Release|Any CPU
		{F989CD59-D12C-4773-84A8-CF24C3FAEFFE}.Release|x86.Build.0 = Release|Any CPU
		{1551FAF2-3687-4EC4-A970-3CF1679EFA1D}.Debug|Any CPU.ActiveCfg = Debug|Any CPU
		{1551FAF2-3687-4EC4-A970-3CF1679EFA1D}.Debug|Any CPU.Build.0 = Debug|Any CPU
		{1551FAF2-3687-4EC4-A970-3CF1679EFA1D}.Debug|x64.ActiveCfg = Debug|Any CPU
		{1551FAF2-3687-4EC4-A970-3CF1679EFA1D}.Debug|x64.Build.0 = Debug|Any CPU
		{1551FAF2-3687-4EC4-A970-3CF1679EFA1D}.Debug|x86.ActiveCfg = Debug|Any CPU
		{1551FAF2-3687-4EC4-A970-3CF1679EFA1D}.Debug|x86.Build.0 = Debug|Any CPU
		{1551FAF2-3687-4EC4-A970-3CF1679EFA1D}.Release|Any CPU.ActiveCfg = Release|Any CPU
		{1551FAF2-3687-4EC4-A970-3CF1679EFA1D}.Release|Any CPU.Build.0 = Release|Any CPU
		{1551FAF2-3687-4EC4-A970-3CF1679EFA1D}.Release|x64.ActiveCfg = Release|Any CPU
		{1551FAF2-3687-4EC4-A970-3CF1679EFA1D}.Release|x64.Build.0 = Release|Any CPU
		{1551FAF2-3687-4EC4-A970-3CF1679EFA1D}.Release|x86.ActiveCfg = Release|Any CPU
		{1551FAF2-3687-4EC4-A970-3CF1679EFA1D}.Release|x86.Build.0 = Release|Any CPU
		{AA91C4DE-DAC2-45D2-ABC3-41F4EE6823C4}.Debug|Any CPU.ActiveCfg = Debug|Any CPU
		{AA91C4DE-DAC2-45D2-ABC3-41F4EE6823C4}.Debug|Any CPU.Build.0 = Debug|Any CPU
		{AA91C4DE-DAC2-45D2-ABC3-41F4EE6823C4}.Debug|x64.ActiveCfg = Debug|Any CPU
		{AA91C4DE-DAC2-45D2-ABC3-41F4EE6823C4}.Debug|x64.Build.0 = Debug|Any CPU
		{AA91C4DE-DAC2-45D2-ABC3-41F4EE6823C4}.Debug|x86.ActiveCfg = Debug|Any CPU
		{AA91C4DE-DAC2-45D2-ABC3-41F4EE6823C4}.Debug|x86.Build.0 = Debug|Any CPU
		{AA91C4DE-DAC2-45D2-ABC3-41F4EE6823C4}.Release|Any CPU.ActiveCfg = Release|Any CPU
		{AA91C4DE-DAC2-45D2-ABC3-41F4EE6823C4}.Release|Any CPU.Build.0 = Release|Any CPU
		{AA91C4DE-DAC2-45D2-ABC3-41F4EE6823C4}.Release|x64.ActiveCfg = Release|Any CPU
		{AA91C4DE-DAC2-45D2-ABC3-41F4EE6823C4}.Release|x64.Build.0 = Release|Any CPU
		{AA91C4DE-DAC2-45D2-ABC3-41F4EE6823C4}.Release|x86.ActiveCfg = Release|Any CPU
		{AA91C4DE-DAC2-45D2-ABC3-41F4EE6823C4}.Release|x86.Build.0 = Release|Any CPU
		{F3D3FF31-124A-4C83-B5D6-A620C9E85592}.Debug|Any CPU.ActiveCfg = Debug|Any CPU
		{F3D3FF31-124A-4C83-B5D6-A620C9E85592}.Debug|Any CPU.Build.0 = Debug|Any CPU
		{F3D3FF31-124A-4C83-B5D6-A620C9E85592}.Debug|x64.ActiveCfg = Debug|Any CPU
		{F3D3FF31-124A-4C83-B5D6-A620C9E85592}.Debug|x64.Build.0 = Debug|Any CPU
		{F3D3FF31-124A-4C83-B5D6-A620C9E85592}.Debug|x86.ActiveCfg = Debug|Any CPU
		{F3D3FF31-124A-4C83-B5D6-A620C9E85592}.Debug|x86.Build.0 = Debug|Any CPU
		{F3D3FF31-124A-4C83-B5D6-A620C9E85592}.Release|Any CPU.ActiveCfg = Release|Any CPU
		{F3D3FF31-124A-4C83-B5D6-A620C9E85592}.Release|Any CPU.Build.0 = Release|Any CPU
		{F3D3FF31-124A-4C83-B5D6-A620C9E85592}.Release|x64.ActiveCfg = Release|Any CPU
		{F3D3FF31-124A-4C83-B5D6-A620C9E85592}.Release|x64.Build.0 = Release|Any CPU
		{F3D3FF31-124A-4C83-B5D6-A620C9E85592}.Release|x86.ActiveCfg = Release|Any CPU
		{F3D3FF31-124A-4C83-B5D6-A620C9E85592}.Release|x86.Build.0 = Release|Any CPU
		{B9B637FA-3B68-465B-9E94-ED812EE2D4E3}.Debug|Any CPU.ActiveCfg = Debug|Any CPU
		{B9B637FA-3B68-465B-9E94-ED812EE2D4E3}.Debug|Any CPU.Build.0 = Debug|Any CPU
		{B9B637FA-3B68-465B-9E94-ED812EE2D4E3}.Debug|x64.ActiveCfg = Debug|Any CPU
		{B9B637FA-3B68-465B-9E94-ED812EE2D4E3}.Debug|x64.Build.0 = Debug|Any CPU
		{B9B637FA-3B68-465B-9E94-ED812EE2D4E3}.Debug|x86.ActiveCfg = Debug|Any CPU
		{B9B637FA-3B68-465B-9E94-ED812EE2D4E3}.Debug|x86.Build.0 = Debug|Any CPU
		{B9B637FA-3B68-465B-9E94-ED812EE2D4E3}.Release|Any CPU.ActiveCfg = Release|Any CPU
		{B9B637FA-3B68-465B-9E94-ED812EE2D4E3}.Release|Any CPU.Build.0 = Release|Any CPU
		{B9B637FA-3B68-465B-9E94-ED812EE2D4E3}.Release|x64.ActiveCfg = Release|Any CPU
		{B9B637FA-3B68-465B-9E94-ED812EE2D4E3}.Release|x64.Build.0 = Release|Any CPU
		{B9B637FA-3B68-465B-9E94-ED812EE2D4E3}.Release|x86.ActiveCfg = Release|Any CPU
		{B9B637FA-3B68-465B-9E94-ED812EE2D4E3}.Release|x86.Build.0 = Release|Any CPU
		{C396A7AF-CBFD-427F-B615-6FD8EE1B8FB5}.Debug|Any CPU.ActiveCfg = Debug|Any CPU
		{C396A7AF-CBFD-427F-B615-6FD8EE1B8FB5}.Debug|Any CPU.Build.0 = Debug|Any CPU
		{C396A7AF-CBFD-427F-B615-6FD8EE1B8FB5}.Debug|x64.ActiveCfg = Debug|Any CPU
		{C396A7AF-CBFD-427F-B615-6FD8EE1B8FB5}.Debug|x64.Build.0 = Debug|Any CPU
		{C396A7AF-CBFD-427F-B615-6FD8EE1B8FB5}.Debug|x86.ActiveCfg = Debug|Any CPU
		{C396A7AF-CBFD-427F-B615-6FD8EE1B8FB5}.Debug|x86.Build.0 = Debug|Any CPU
		{C396A7AF-CBFD-427F-B615-6FD8EE1B8FB5}.Release|Any CPU.ActiveCfg = Release|Any CPU
		{C396A7AF-CBFD-427F-B615-6FD8EE1B8FB5}.Release|Any CPU.Build.0 = Release|Any CPU
		{C396A7AF-CBFD-427F-B615-6FD8EE1B8FB5}.Release|x64.ActiveCfg = Release|Any CPU
		{C396A7AF-CBFD-427F-B615-6FD8EE1B8FB5}.Release|x64.Build.0 = Release|Any CPU
		{C396A7AF-CBFD-427F-B615-6FD8EE1B8FB5}.Release|x86.ActiveCfg = Release|Any CPU
		{C396A7AF-CBFD-427F-B615-6FD8EE1B8FB5}.Release|x86.Build.0 = Release|Any CPU
		{6F52FCB1-E9A1-49B7-ADC3-A66A76AEEAC0}.Debug|Any CPU.ActiveCfg = Debug|Any CPU
		{6F52FCB1-E9A1-49B7-ADC3-A66A76AEEAC0}.Debug|Any CPU.Build.0 = Debug|Any CPU
		{6F52FCB1-E9A1-49B7-ADC3-A66A76AEEAC0}.Debug|x64.ActiveCfg = Debug|Any CPU
		{6F52FCB1-E9A1-49B7-ADC3-A66A76AEEAC0}.Debug|x64.Build.0 = Debug|Any CPU
		{6F52FCB1-E9A1-49B7-ADC3-A66A76AEEAC0}.Debug|x86.ActiveCfg = Debug|Any CPU
		{6F52FCB1-E9A1-49B7-ADC3-A66A76AEEAC0}.Debug|x86.Build.0 = Debug|Any CPU
		{6F52FCB1-E9A1-49B7-ADC3-A66A76AEEAC0}.Release|Any CPU.ActiveCfg = Release|Any CPU
		{6F52FCB1-E9A1-49B7-ADC3-A66A76AEEAC0}.Release|Any CPU.Build.0 = Release|Any CPU
		{6F52FCB1-E9A1-49B7-ADC3-A66A76AEEAC0}.Release|x64.ActiveCfg = Release|Any CPU
		{6F52FCB1-E9A1-49B7-ADC3-A66A76AEEAC0}.Release|x64.Build.0 = Release|Any CPU
		{6F52FCB1-E9A1-49B7-ADC3-A66A76AEEAC0}.Release|x86.ActiveCfg = Release|Any CPU
		{6F52FCB1-E9A1-49B7-ADC3-A66A76AEEAC0}.Release|x86.Build.0 = Release|Any CPU
		{F66EE413-C009-45BB-B884-17209667081A}.Debug|Any CPU.ActiveCfg = Debug|Any CPU
		{F66EE413-C009-45BB-B884-17209667081A}.Debug|Any CPU.Build.0 = Debug|Any CPU
		{F66EE413-C009-45BB-B884-17209667081A}.Debug|x64.ActiveCfg = Debug|Any CPU
		{F66EE413-C009-45BB-B884-17209667081A}.Debug|x64.Build.0 = Debug|Any CPU
		{F66EE413-C009-45BB-B884-17209667081A}.Debug|x86.ActiveCfg = Debug|Any CPU
		{F66EE413-C009-45BB-B884-17209667081A}.Debug|x86.Build.0 = Debug|Any CPU
		{F66EE413-C009-45BB-B884-17209667081A}.Release|Any CPU.ActiveCfg = Release|Any CPU
		{F66EE413-C009-45BB-B884-17209667081A}.Release|Any CPU.Build.0 = Release|Any CPU
		{F66EE413-C009-45BB-B884-17209667081A}.Release|x64.ActiveCfg = Release|Any CPU
		{F66EE413-C009-45BB-B884-17209667081A}.Release|x64.Build.0 = Release|Any CPU
		{F66EE413-C009-45BB-B884-17209667081A}.Release|x86.ActiveCfg = Release|Any CPU
		{F66EE413-C009-45BB-B884-17209667081A}.Release|x86.Build.0 = Release|Any CPU
		{2461E3F6-6A95-4F8D-819B-620F1F87C6D7}.Debug|Any CPU.ActiveCfg = Debug|Any CPU
		{2461E3F6-6A95-4F8D-819B-620F1F87C6D7}.Debug|Any CPU.Build.0 = Debug|Any CPU
		{2461E3F6-6A95-4F8D-819B-620F1F87C6D7}.Debug|x64.ActiveCfg = Debug|Any CPU
		{2461E3F6-6A95-4F8D-819B-620F1F87C6D7}.Debug|x64.Build.0 = Debug|Any CPU
		{2461E3F6-6A95-4F8D-819B-620F1F87C6D7}.Debug|x86.ActiveCfg = Debug|Any CPU
		{2461E3F6-6A95-4F8D-819B-620F1F87C6D7}.Debug|x86.Build.0 = Debug|Any CPU
		{2461E3F6-6A95-4F8D-819B-620F1F87C6D7}.Release|Any CPU.ActiveCfg = Release|Any CPU
		{2461E3F6-6A95-4F8D-819B-620F1F87C6D7}.Release|Any CPU.Build.0 = Release|Any CPU
		{2461E3F6-6A95-4F8D-819B-620F1F87C6D7}.Release|x64.ActiveCfg = Release|Any CPU
		{2461E3F6-6A95-4F8D-819B-620F1F87C6D7}.Release|x64.Build.0 = Release|Any CPU
		{2461E3F6-6A95-4F8D-819B-620F1F87C6D7}.Release|x86.ActiveCfg = Release|Any CPU
		{2461E3F6-6A95-4F8D-819B-620F1F87C6D7}.Release|x86.Build.0 = Release|Any CPU
		{CF94160A-4C3C-48D7-B016-5675083246EC}.Debug|Any CPU.ActiveCfg = Debug|Any CPU
		{CF94160A-4C3C-48D7-B016-5675083246EC}.Debug|Any CPU.Build.0 = Debug|Any CPU
		{CF94160A-4C3C-48D7-B016-5675083246EC}.Debug|x64.ActiveCfg = Debug|Any CPU
		{CF94160A-4C3C-48D7-B016-5675083246EC}.Debug|x64.Build.0 = Debug|Any CPU
		{CF94160A-4C3C-48D7-B016-5675083246EC}.Debug|x86.ActiveCfg = Debug|Any CPU
		{CF94160A-4C3C-48D7-B016-5675083246EC}.Debug|x86.Build.0 = Debug|Any CPU
		{CF94160A-4C3C-48D7-B016-5675083246EC}.Release|Any CPU.ActiveCfg = Release|Any CPU
		{CF94160A-4C3C-48D7-B016-5675083246EC}.Release|Any CPU.Build.0 = Release|Any CPU
		{CF94160A-4C3C-48D7-B016-5675083246EC}.Release|x64.ActiveCfg = Release|Any CPU
		{CF94160A-4C3C-48D7-B016-5675083246EC}.Release|x64.Build.0 = Release|Any CPU
		{CF94160A-4C3C-48D7-B016-5675083246EC}.Release|x86.ActiveCfg = Release|Any CPU
		{CF94160A-4C3C-48D7-B016-5675083246EC}.Release|x86.Build.0 = Release|Any CPU
		{99D21C03-0CE7-4497-A2D6-970EA639F2A5}.Debug|Any CPU.ActiveCfg = Debug|Any CPU
		{99D21C03-0CE7-4497-A2D6-970EA639F2A5}.Debug|Any CPU.Build.0 = Debug|Any CPU
		{99D21C03-0CE7-4497-A2D6-970EA639F2A5}.Debug|x64.ActiveCfg = Debug|Any CPU
		{99D21C03-0CE7-4497-A2D6-970EA639F2A5}.Debug|x64.Build.0 = Debug|Any CPU
		{99D21C03-0CE7-4497-A2D6-970EA639F2A5}.Debug|x86.ActiveCfg = Debug|Any CPU
		{99D21C03-0CE7-4497-A2D6-970EA639F2A5}.Debug|x86.Build.0 = Debug|Any CPU
		{99D21C03-0CE7-4497-A2D6-970EA639F2A5}.Release|Any CPU.ActiveCfg = Release|Any CPU
		{99D21C03-0CE7-4497-A2D6-970EA639F2A5}.Release|Any CPU.Build.0 = Release|Any CPU
		{99D21C03-0CE7-4497-A2D6-970EA639F2A5}.Release|x64.ActiveCfg = Release|Any CPU
		{99D21C03-0CE7-4497-A2D6-970EA639F2A5}.Release|x64.Build.0 = Release|Any CPU
		{99D21C03-0CE7-4497-A2D6-970EA639F2A5}.Release|x86.ActiveCfg = Release|Any CPU
		{99D21C03-0CE7-4497-A2D6-970EA639F2A5}.Release|x86.Build.0 = Release|Any CPU
		{07371B48-BCD0-43D2-AE93-2DD7B8B24DE3}.Debug|Any CPU.ActiveCfg = Debug|Any CPU
		{07371B48-BCD0-43D2-AE93-2DD7B8B24DE3}.Debug|Any CPU.Build.0 = Debug|Any CPU
		{07371B48-BCD0-43D2-AE93-2DD7B8B24DE3}.Debug|x64.ActiveCfg = Debug|Any CPU
		{07371B48-BCD0-43D2-AE93-2DD7B8B24DE3}.Debug|x64.Build.0 = Debug|Any CPU
		{07371B48-BCD0-43D2-AE93-2DD7B8B24DE3}.Debug|x86.ActiveCfg = Debug|Any CPU
		{07371B48-BCD0-43D2-AE93-2DD7B8B24DE3}.Debug|x86.Build.0 = Debug|Any CPU
		{07371B48-BCD0-43D2-AE93-2DD7B8B24DE3}.Release|Any CPU.ActiveCfg = Release|Any CPU
		{07371B48-BCD0-43D2-AE93-2DD7B8B24DE3}.Release|Any CPU.Build.0 = Release|Any CPU
		{07371B48-BCD0-43D2-AE93-2DD7B8B24DE3}.Release|x64.ActiveCfg = Release|Any CPU
		{07371B48-BCD0-43D2-AE93-2DD7B8B24DE3}.Release|x64.Build.0 = Release|Any CPU
		{07371B48-BCD0-43D2-AE93-2DD7B8B24DE3}.Release|x86.ActiveCfg = Release|Any CPU
		{07371B48-BCD0-43D2-AE93-2DD7B8B24DE3}.Release|x86.Build.0 = Release|Any CPU
		{7F616763-3A34-45DF-A962-B19F69984BA3}.Debug|Any CPU.ActiveCfg = Debug|Any CPU
		{7F616763-3A34-45DF-A962-B19F69984BA3}.Debug|Any CPU.Build.0 = Debug|Any CPU
		{7F616763-3A34-45DF-A962-B19F69984BA3}.Debug|x64.ActiveCfg = Debug|Any CPU
		{7F616763-3A34-45DF-A962-B19F69984BA3}.Debug|x64.Build.0 = Debug|Any CPU
		{7F616763-3A34-45DF-A962-B19F69984BA3}.Debug|x86.ActiveCfg = Debug|Any CPU
		{7F616763-3A34-45DF-A962-B19F69984BA3}.Debug|x86.Build.0 = Debug|Any CPU
		{7F616763-3A34-45DF-A962-B19F69984BA3}.Release|Any CPU.ActiveCfg = Release|Any CPU
		{7F616763-3A34-45DF-A962-B19F69984BA3}.Release|Any CPU.Build.0 = Release|Any CPU
		{7F616763-3A34-45DF-A962-B19F69984BA3}.Release|x64.ActiveCfg = Release|Any CPU
		{7F616763-3A34-45DF-A962-B19F69984BA3}.Release|x64.Build.0 = Release|Any CPU
		{7F616763-3A34-45DF-A962-B19F69984BA3}.Release|x86.ActiveCfg = Release|Any CPU
		{7F616763-3A34-45DF-A962-B19F69984BA3}.Release|x86.Build.0 = Release|Any CPU
		{E71E66C7-B5E6-4A17-8E11-947F7CA75596}.Debug|Any CPU.ActiveCfg = Debug|Any CPU
		{E71E66C7-B5E6-4A17-8E11-947F7CA75596}.Debug|Any CPU.Build.0 = Debug|Any CPU
		{E71E66C7-B5E6-4A17-8E11-947F7CA75596}.Debug|x64.ActiveCfg = Debug|Any CPU
		{E71E66C7-B5E6-4A17-8E11-947F7CA75596}.Debug|x64.Build.0 = Debug|Any CPU
		{E71E66C7-B5E6-4A17-8E11-947F7CA75596}.Debug|x86.ActiveCfg = Debug|Any CPU
		{E71E66C7-B5E6-4A17-8E11-947F7CA75596}.Debug|x86.Build.0 = Debug|Any CPU
		{E71E66C7-B5E6-4A17-8E11-947F7CA75596}.Release|Any CPU.ActiveCfg = Release|Any CPU
		{E71E66C7-B5E6-4A17-8E11-947F7CA75596}.Release|Any CPU.Build.0 = Release|Any CPU
		{E71E66C7-B5E6-4A17-8E11-947F7CA75596}.Release|x64.ActiveCfg = Release|Any CPU
		{E71E66C7-B5E6-4A17-8E11-947F7CA75596}.Release|x64.Build.0 = Release|Any CPU
		{E71E66C7-B5E6-4A17-8E11-947F7CA75596}.Release|x86.ActiveCfg = Release|Any CPU
		{E71E66C7-B5E6-4A17-8E11-947F7CA75596}.Release|x86.Build.0 = Release|Any CPU
	EndGlobalSection
EndGlobal
